
Microsoft Visual Studio Solution File, Format Version 12.00
# Visual Studio Version 16
VisualStudioVersion = 16.0.29102.190
MinimumVisualStudioVersion = 10.0.40219.1
Project("{FAE04EC0-301F-11D3-BF4B-00C04F79EFBC}") = "排序窗体化", "排序窗体化\排序窗体化.csproj", "{3DA784D5-687F-40D5-A228-C4F09510FDCE}"
EndProject
Global
	GlobalSection(SolutionConfigurationPlatforms) = preSolution
		Debug|Any CPU = Debug|Any CPU
		Release|Any CPU = Release|Any CPU
	EndGlobalSection
	GlobalSection(ProjectConfigurationPlatforms) = postSolution
		{3DA784D5-687F-40D5-A228-C4F09510FDCE}.Debug|Any CPU.ActiveCfg = Debug|Any CPU
		{3DA784D5-687F-40D5-A228-C4F09510FDCE}.Debug|Any CPU.Build.0 = Debug|Any CPU
		{3DA784D5-687F-40D5-A228-C4F09510FDCE}.Release|Any CPU.ActiveCfg = Release|Any CPU
		{3DA784D5-687F-40D5-A228-C4F09510FDCE}.Release|Any CPU.Build.0 = Release|Any CPU
	EndGlobalSection
	GlobalSection(SolutionProperties) = preSolution
		HideSolutionNode = FALSE
	EndGlobalSection
	GlobalSection(ExtensibilityGlobals) = postSolution
		SolutionGuid = {F4EC4ED1-2081-4690-9746-8CE9E73BE43E}
	EndGlobalSection
EndGlobal
